
Microsoft Visual Studio Solution File, Format Version 10.00
# Visual Studio 2008
Project("{FAE04EC0-301F-11D3-BF4B-00C04F79EFBC}") = "SqlTypeTests", "SqlTypeTests.csproj", "{C7E0925B-0FE3-4F48-9F5A-E1A3269919B2}"
EndProject
Project("{2150E333-8FDC-42A3-9474-1A3956D46DE8}") = "Solution Items", "Solution Items", "{392AE3AA-716D-43B1-9A64-EFB94CD7CBB7}"
	ProjectSection(SolutionItems) = preProject
		LocalTestRun.testrunconfig = LocalTestRun.testrunconfig
		SqlTypeTests.vsmdi = SqlTypeTests.vsmdi
	EndProjectSection
EndProject
Global
	GlobalSection(TestCaseManagementSettings) = postSolution
		CategoryFile = SqlTypeTests.vsmdi
	EndGlobalSection
	GlobalSection(SolutionConfigurationPlatforms) = preSolution
		Debug|Any CPU = Debug|Any CPU
		Release|Any CPU = Release|Any CPU
	EndGlobalSection
	GlobalSection(ProjectConfigurationPlatforms) = postSolution
		{C7E0925B-0FE3-4F48-9F5A-E1A3269919B2}.Debug|Any CPU.ActiveCfg = Debug|Any CPU
		{C7E0925B-0FE3-4F48-9F5A-E1A3269919B2}.Debug|Any CPU.Build.0 = Debug|Any CPU
		{C7E0925B-0FE3-4F48-9F5A-E1A3269919B2}.Release|Any CPU.ActiveCfg = Release|Any CPU
		{C7E0925B-0FE3-4F48-9F5A-E1A3269919B2}.Release|Any CPU.Build.0 = Release|Any CPU
	EndGlobalSection
	GlobalSection(SolutionProperties) = preSolution
		HideSolutionNode = FALSE
	EndGlobalSection
EndGlobal
