
Microsoft Visual Studio Solution File, Format Version 10.00
# Visual Studio 2008
Project("{2150E333-8FDC-42A3-9474-1A3956D46DE8}") = "Database", "Database", "{7FCB4DC2-43A8-439B-930B-DB7071A7BA5B}"
EndProject
Project("{2150E333-8FDC-42A3-9474-1A3956D46DE8}") = "Core", "Core", "{26BF680B-DA1A-4EA1-BEA6-C583063BD04C}"
EndProject
Project("{FAE04EC0-301F-11D3-BF4B-00C04F79EFBC}") = "DBInfo.Core", "DBInfo.Core\DBInfo.Core.csproj", "{4C3C4618-A3D3-49F9-BD96-95054A36F511}"
EndProject
Project("{FAE04EC0-301F-11D3-BF4B-00C04F79EFBC}") = "DBInfo.SQLServer", "DBInfo.SQLServer\DBInfo.SQLServer.csproj", "{D4536008-17B8-4BB6-B83F-2FC937CA1B8C}"
EndProject
Project("{2150E333-8FDC-42A3-9474-1A3956D46DE8}") = "DBSync", "DBSync", "{365AC46A-F638-4A07-BBB1-8FC4EF7DED05}"
EndProject
Project("{FAE04EC0-301F-11D3-BF4B-00C04F79EFBC}") = "DBInfo.DBSync", "DBInfo.DBSync\DBInfo.DBSync.csproj", "{3278220A-DC36-4C56-B660-407B5814CBC1}"
EndProject
Project("{2150E333-8FDC-42A3-9474-1A3956D46DE8}") = "MSBuild", "MSBuild", "{D98431EB-2C6C-4181-AD89-02F15D65BB70}"
EndProject
Project("{FAE04EC0-301F-11D3-BF4B-00C04F79EFBC}") = "DBInfo.MSBuild", "DBInfo.MSBuild\DBInfo.MSBuild.csproj", "{C44FA9CE-8B99-467E-87C6-C90CF3092DC3}"
EndProject
Project("{FAE04EC0-301F-11D3-BF4B-00C04F79EFBC}") = "DBInfo.XMLDatabase", "DBInfo.XMLDatabase\DBInfo.XMLDatabase.csproj", "{DE882E3C-63A2-4C0D-A157-D00F8CA2E548}"
EndProject
Project("{2150E333-8FDC-42A3-9474-1A3956D46DE8}") = "CodeGen", "CodeGen", "{BB30C5BD-2732-45B1-BE1C-CD58DE49B685}"
EndProject
Project("{FAE04EC0-301F-11D3-BF4B-00C04F79EFBC}") = "DBInfo.CodeGen", "DBInfo.CodeGen\DBInfo.CodeGen.csproj", "{E89BCB1E-3884-41D4-A009-59DD499419D9}"
EndProject
Global
	GlobalSection(SolutionConfigurationPlatforms) = preSolution
		Debug|Any CPU = Debug|Any CPU
		Release|Any CPU = Release|Any CPU
	EndGlobalSection
	GlobalSection(ProjectConfigurationPlatforms) = postSolution
		{4C3C4618-A3D3-49F9-BD96-95054A36F511}.Debug|Any CPU.ActiveCfg = Debug|Any CPU
		{4C3C4618-A3D3-49F9-BD96-95054A36F511}.Debug|Any CPU.Build.0 = Debug|Any CPU
		{4C3C4618-A3D3-49F9-BD96-95054A36F511}.Release|Any CPU.ActiveCfg = Release|Any CPU
		{4C3C4618-A3D3-49F9-BD96-95054A36F511}.Release|Any CPU.Build.0 = Release|Any CPU
		{D4536008-17B8-4BB6-B83F-2FC937CA1B8C}.Debug|Any CPU.ActiveCfg = Debug|Any CPU
		{D4536008-17B8-4BB6-B83F-2FC937CA1B8C}.Debug|Any CPU.Build.0 = Debug|Any CPU
		{D4536008-17B8-4BB6-B83F-2FC937CA1B8C}.Release|Any CPU.ActiveCfg = Release|Any CPU
		{D4536008-17B8-4BB6-B83F-2FC937CA1B8C}.Release|Any CPU.Build.0 = Release|Any CPU
		{3278220A-DC36-4C56-B660-407B5814CBC1}.Debug|Any CPU.ActiveCfg = Debug|Any CPU
		{3278220A-DC36-4C56-B660-407B5814CBC1}.Debug|Any CPU.Build.0 = Debug|Any CPU
		{3278220A-DC36-4C56-B660-407B5814CBC1}.Release|Any CPU.ActiveCfg = Release|Any CPU
		{3278220A-DC36-4C56-B660-407B5814CBC1}.Release|Any CPU.Build.0 = Release|Any CPU
		{C44FA9CE-8B99-467E-87C6-C90CF3092DC3}.Debug|Any CPU.ActiveCfg = Debug|Any CPU
		{C44FA9CE-8B99-467E-87C6-C90CF3092DC3}.Debug|Any CPU.Build.0 = Debug|Any CPU
		{C44FA9CE-8B99-467E-87C6-C90CF3092DC3}.Release|Any CPU.ActiveCfg = Release|Any CPU
		{C44FA9CE-8B99-467E-87C6-C90CF3092DC3}.Release|Any CPU.Build.0 = Release|Any CPU
		{DE882E3C-63A2-4C0D-A157-D00F8CA2E548}.Debug|Any CPU.ActiveCfg = Debug|Any CPU
		{DE882E3C-63A2-4C0D-A157-D00F8CA2E548}.Debug|Any CPU.Build.0 = Debug|Any CPU
		{DE882E3C-63A2-4C0D-A157-D00F8CA2E548}.Release|Any CPU.ActiveCfg = Release|Any CPU
		{DE882E3C-63A2-4C0D-A157-D00F8CA2E548}.Release|Any CPU.Build.0 = Release|Any CPU
		{E89BCB1E-3884-41D4-A009-59DD499419D9}.Debug|Any CPU.ActiveCfg = Debug|Any CPU
		{E89BCB1E-3884-41D4-A009-59DD499419D9}.Debug|Any CPU.Build.0 = Debug|Any CPU
		{E89BCB1E-3884-41D4-A009-59DD499419D9}.Release|Any CPU.ActiveCfg = Release|Any CPU
		{E89BCB1E-3884-41D4-A009-59DD499419D9}.Release|Any CPU.Build.0 = Release|Any CPU
	EndGlobalSection
	GlobalSection(SolutionProperties) = preSolution
		HideSolutionNode = FALSE
	EndGlobalSection
	GlobalSection(NestedProjects) = preSolution
		{D4536008-17B8-4BB6-B83F-2FC937CA1B8C} = {7FCB4DC2-43A8-439B-930B-DB7071A7BA5B}
		{DE882E3C-63A2-4C0D-A157-D00F8CA2E548} = {7FCB4DC2-43A8-439B-930B-DB7071A7BA5B}
		{4C3C4618-A3D3-49F9-BD96-95054A36F511} = {26BF680B-DA1A-4EA1-BEA6-C583063BD04C}
		{3278220A-DC36-4C56-B660-407B5814CBC1} = {365AC46A-F638-4A07-BBB1-8FC4EF7DED05}
		{C44FA9CE-8B99-467E-87C6-C90CF3092DC3} = {D98431EB-2C6C-4181-AD89-02F15D65BB70}
		{E89BCB1E-3884-41D4-A009-59DD499419D9} = {BB30C5BD-2732-45B1-BE1C-CD58DE49B685}
	EndGlobalSection
EndGlobal
